// !$*UTF8*$!
{
	archiveVersion = 1;
	classes = {
	};
	objectVersion = 46;
	objects = {

/* Begin PBXBuildFile section */
		CF365B121BB2249600EF9B73 /* AppDelegate.swift in Sources */ = {isa = PBXBuildFile; fileRef = CF365B111BB2249600EF9B73 /* AppDelegate.swift */; };
		CF365B141BB2249600EF9B73 /* MasterViewController.swift in Sources */ = {isa = PBXBuildFile; fileRef = CF365B131BB2249600EF9B73 /* MasterViewController.swift */; };
		CF365B161BB2249600EF9B73 /* DetailViewController.swift in Sources */ = {isa = PBXBuildFile; fileRef = CF365B151BB2249600EF9B73 /* DetailViewController.swift */; };
		CF365B191BB2249600EF9B73 /* Main.storyboard in Resources */ = {isa = PBXBuildFile; fileRef = CF365B171BB2249600EF9B73 /* Main.storyboard */; };
		CF365B1B1BB2249600EF9B73 /* Images.xcassets in Resources */ = {isa = PBXBuildFile; fileRef = CF365B1A1BB2249600EF9B73 /* Images.xcassets */; };
		CF365B1E1BB2249600EF9B73 /* LaunchScreen.xib in Resources */ = {isa = PBXBuildFile; fileRef = CF365B1C1BB2249600EF9B73 /* LaunchScreen.xib */; };
		CF365B2A1BB2249600EF9B73 /* MapViewTests.swift in Sources */ = {isa = PBXBuildFile; fileRef = CF365B291BB2249600EF9B73 /* MapViewTests.swift */; };
		CF365B381BB25B6E00EF9B73 /* cities.txt in Resources */ = {isa = PBXBuildFile; fileRef = CF365B371BB25B6E00EF9B73 /* cities.txt */; };
		CF50DA471BB39035001DB6BD /* map_icon_120.png in Resources */ = {isa = PBXBuildFile; fileRef = CF50DA441BB39035001DB6BD /* map_icon_120.png */; };
		CF50DA481BB39035001DB6BD /* map_icon_180.png in Resources */ = {isa = PBXBuildFile; fileRef = CF50DA451BB39035001DB6BD /* map_icon_180.png */; };
		CF50DA491BB39035001DB6BD /* map_icon_1024.png in Resources */ = {isa = PBXBuildFile; fileRef = CF50DA461BB39035001DB6BD /* map_icon_1024.png */; };
/* End PBXBuildFile section */

/* Begin PBXContainerItemProxy section */
		CF365B241BB2249600EF9B73 /* PBXContainerItemProxy */ = {
			isa = PBXContainerItemProxy;
			containerPortal = CF365B041BB2249600EF9B73 /* Project object */;
			proxyType = 1;
			remoteGlobalIDString = CF365B0B1BB2249600EF9B73;
			remoteInfo = MapView;
		};
/* End PBXContainerItemProxy section */

/* Begin PBXFileReference section */
		CF365B0C1BB2249600EF9B73 /* MapView.app */ = {isa = PBXFileReference; explicitFileType = wrapper.application; includeInIndex = 0; path = MapView.app; sourceTree = BUILT_PRODUCTS_DIR; };
		CF365B101BB2249600EF9B73 /* Info.plist */ = {isa = PBXFileReference; lastKnownFileType = text.plist.xml; path = Info.plist; sourceTree = "<group>"; };
		CF365B111BB2249600EF9B73 /* AppDelegate.swift */ = {isa = PBXFileReference; lastKnownFileType = sourcecode.swift; path = AppDelegate.swift; sourceTree = "<group>"; };
		CF365B131BB2249600EF9B73 /* MasterViewController.swift */ = {isa = PBXFileReference; lastKnownFileType = sourcecode.swift; path = MasterViewController.swift; sourceTree = "<group>"; };
		CF365B151BB2249600EF9B73 /* DetailViewController.swift */ = {isa = PBXFileReference; lastKnownFileType = sourcecode.swift; path = DetailViewController.swift; sourceTree = "<group>"; };
		CF365B181BB2249600EF9B73 /* Base */ = {isa = PBXFileReference; lastKnownFileType = file.storyboard; name = Base; path = Base.lproj/Main.storyboard; sourceTree = "<group>"; };
		CF365B1A1BB2249600EF9B73 /* Images.xcassets */ = {isa = PBXFileReference; lastKnownFileType = folder.assetcatalog; path = Images.xcassets; sourceTree = "<group>"; };
		CF365B1D1BB2249600EF9B73 /* Base */ = {isa = PBXFileReference; lastKnownFileType = file.xib; name = Base; path = Base.lproj/LaunchScreen.xib; sourceTree = "<group>"; };
		CF365B231BB2249600EF9B73 /* MapViewTests.xctest */ = {isa = PBXFileReference; explicitFileType = wrapper.cfbundle; includeInIndex = 0; path = MapViewTests.xctest; sourceTree = BUILT_PRODUCTS_DIR; };
		CF365B281BB2249600EF9B73 /* Info.plist */ = {isa = PBXFileReference; lastKnownFileType = text.plist.xml; path = Info.plist; sourceTree = "<group>"; };
		CF365B291BB2249600EF9B73 /* MapViewTests.swift */ = {isa = PBXFileReference; lastKnownFileType = sourcecode.swift; path = MapViewTests.swift; sourceTree = "<group>"; };
		CF365B371BB25B6E00EF9B73 /* cities.txt */ = {isa = PBXFileReference; fileEncoding = 4; lastKnownFileType = text; path = cities.txt; sourceTree = "<group>"; };
		CF50DA441BB39035001DB6BD /* map_icon_120.png */ = {isa = PBXFileReference; lastKnownFileType = image.png; path = map_icon_120.png; sourceTree = "<group>"; };
		CF50DA451BB39035001DB6BD /* map_icon_180.png */ = {isa = PBXFileReference; lastKnownFileType = image.png; path = map_icon_180.png; sourceTree = "<group>"; };
		CF50DA461BB39035001DB6BD /* map_icon_1024.png */ = {isa = PBXFileReference; lastKnownFileType = image.png; path = map_icon_1024.png; sourceTree = "<group>"; };
/* End PBXFileReference section */

/* Begin PBXFrameworksBuildPhase section */
		CF365B091BB2249600EF9B73 /* Frameworks */ = {
			isa = PBXFrameworksBuildPhase;
			buildActionMask = 2147483647;
			files = (
			);
			runOnlyForDeploymentPostprocessing = 0;
		};
		CF365B201BB2249600EF9B73 /* Frameworks */ = {
			isa = PBXFrameworksBuildPhase;
			buildActionMask = 2147483647;
			files = (
			);
			runOnlyForDeploymentPostprocessing = 0;
		};
/* End PBXFrameworksBuildPhase section */

/* Begin PBXGroup section */
		CF365B031BB2249600EF9B73 = {
			isa = PBXGroup;
			children = (
				CF365B0E1BB2249600EF9B73 /* MapView */,
				CF365B261BB2249600EF9B73 /* MapViewTests */,
				CF365B0D1BB2249600EF9B73 /* Products */,
			);
			sourceTree = "<group>";
		};
		CF365B0D1BB2249600EF9B73 /* Products */ = {
			isa = PBXGroup;
			children = (
				CF365B0C1BB2249600EF9B73 /* MapView.app */,
				CF365B231BB2249600EF9B73 /* MapViewTests.xctest */,
			);
			name = Products;
			sourceTree = "<group>";
		};
		CF365B0E1BB2249600EF9B73 /* MapView */ = {
			isa = PBXGroup;
			children = (
				CF50DA441BB39035001DB6BD /* map_icon_120.png */,
				CF50DA451BB39035001DB6BD /* map_icon_180.png */,
				CF50DA461BB39035001DB6BD /* map_icon_1024.png */,
				CF365B371BB25B6E00EF9B73 /* cities.txt */,
				CF365B111BB2249600EF9B73 /* AppDelegate.swift */,
				CF365B131BB2249600EF9B73 /* MasterViewController.swift */,
				CF365B151BB2249600EF9B73 /* DetailViewController.swift */,
				CF365B171BB2249600EF9B73 /* Main.storyboard */,
				CF365B1A1BB2249600EF9B73 /* Images.xcassets */,
				CF365B1C1BB2249600EF9B73 /* LaunchScreen.xib */,
				CF365B0F1BB2249600EF9B73 /* Supporting Files */,
			);
			path = MapView;
			sourceTree = "<group>";
		};
		CF365B0F1BB2249600EF9B73 /* Supporting Files */ = {
			isa = PBXGroup;
			children = (
				CF365B101BB2249600EF9B73 /* Info.plist */,
			);
			name = "Supporting Files";
			sourceTree = "<group>";
		};
		CF365B261BB2249600EF9B73 /* MapViewTests */ = {
			isa = PBXGroup;
			children = (
				CF365B291BB2249600EF9B73 /* MapViewTests.swift */,
				CF365B271BB2249600EF9B73 /* Supporting Files */,
			);
			path = MapViewTests;
			sourceTree = "<group>";
		};
		CF365B271BB2249600EF9B73 /* Supporting Files */ = {
			isa = PBXGroup;
			children = (
				CF365B281BB2249600EF9B73 /* Info.plist */,
			);
			name = "Supporting Files";
			sourceTree = "<group>";
		};
/* End PBXGroup section */

/* Begin PBXNativeTarget section */
		CF365B0B1BB2249600EF9B73 /* MapView */ = {
			isa = PBXNativeTarget;
			buildConfigurationList = CF365B2D1BB2249600EF9B73 /* Build configuration list for PBXNativeTarget "MapView" */;
			buildPhases = (
				CF365B081BB2249600EF9B73 /* Sources */,
				CF365B091BB2249600EF9B73 /* Frameworks */,
				CF365B0A1BB2249600EF9B73 /* Resources */,
			);
			buildRules = (
			);
			dependencies = (
			);
			name = MapView;
			productName = MapView;
			productReference = CF365B0C1BB2249600EF9B73 /* MapView.app */;
			productType = "com.apple.product-type.application";
		};
		CF365B221BB2249600EF9B73 /* MapViewTests */ = {
			isa = PBXNativeTarget;
			buildConfigurationList = CF365B301BB2249600EF9B73 /* Build configuration list for PBXNativeTarget "MapViewTests" */;
			buildPhases = (
				CF365B1F1BB2249600EF9B73 /* Sources */,
				CF365B201BB2249600EF9B73 /* Frameworks */,
				CF365B211BB2249600EF9B73 /* Resources */,
			);
			buildRules = (
			);
			dependencies = (
				CF365B251BB2249600EF9B73 /* PBXTargetDependency */,
			);
			name = MapViewTests;
			productName = MapViewTests;
			productReference = CF365B231BB2249600EF9B73 /* MapViewTests.xctest */;
			productType = "com.apple.product-type.bundle.unit-test";
		};
/* End PBXNativeTarget section */

/* Begin PBXProject section */
		CF365B041BB2249600EF9B73 /* Project object */ = {
			isa = PBXProject;
			attributes = {
				LastSwiftMigration = 0720;
				LastSwiftUpdateCheck = 0720;
				LastUpgradeCheck = 0640;
				ORGANIZATIONNAME = JBC;
				TargetAttributes = {
					CF365B0B1BB2249600EF9B73 = {
						CreatedOnToolsVersion = 6.4;
					};
					CF365B221BB2249600EF9B73 = {
						CreatedOnToolsVersion = 6.4;
						TestTargetID = CF365B0B1BB2249600EF9B73;
					};
				};
			};
			buildConfigurationList = CF365B071BB2249600EF9B73 /* Build configuration list for PBXProject "MapView" */;
			compatibilityVersion = "Xcode 3.2";
			developmentRegion = English;
			hasScannedForEncodings = 0;
			knownRegions = (
				en,
				Base,
			);
			mainGroup = CF365B031BB2249600EF9B73;
			productRefGroup = CF365B0D1BB2249600EF9B73 /* Products */;
			projectDirPath = "";
			projectRoot = "";
			targets = (
				CF365B0B1BB2249600EF9B73 /* MapView */,
				CF365B221BB2249600EF9B73 /* MapViewTests */,
			);
		};
/* End PBXProject section */

/* Begin PBXResourcesBuildPhase section */
		CF365B0A1BB2249600EF9B73 /* Resources */ = {
			isa = PBXResourcesBuildPhase;
			buildActionMask = 2147483647;
			files = (
				CF365B191BB2249600EF9B73 /* Main.storyboard in Resources */,
				CF50DA481BB39035001DB6BD /* map_icon_180.png in Resources */,
				CF365B381BB25B6E00EF9B73 /* cities.txt in Resources */,
				CF365B1E1BB2249600EF9B73 /* LaunchScreen.xib in Resources */,
				CF365B1B1BB2249600EF9B73 /* Images.xcassets in Resources */,
				CF50DA491BB39035001DB6BD /* map_icon_1024.png in Resources */,
				CF50DA471BB39035001DB6BD /* map_icon_120.png in Resources */,
			);
			runOnlyForDeploymentPostprocessing = 0;
		};
		CF365B211BB2249600EF9B73 /* Resources */ = {
			isa = PBXResourcesBuildPhase;
			buildActionMask = 2147483647;
			files = (
			);
			runOnlyForDeploymentPostprocessing = 0;
		};
/* End PBXResourcesBuildPhase section */

/* Begin PBXSourcesBuildPhase section */
		CF365B081BB2249600EF9B73 /* Sources */ = {
			isa = PBXSourcesBuildPhase;
			buildActionMask = 2147483647;
			files = (
				CF365B161BB2249600EF9B73 /* DetailViewController.swift in Sources */,
				CF365B141BB2249600EF9B73 /* MasterViewController.swift in Sources */,
				CF365B121BB2249600EF9B73 /* AppDelegate.swift in Sources */,
			);
			runOnlyForDeploymentPostprocessing = 0;
		};
		CF365B1F1BB2249600EF9B73 /* Sources */ = {
			isa = PBXSourcesBuildPhase;
			buildActionMask = 2147483647;
			files = (
				CF365B2A1BB2249600EF9B73 /* MapViewTests.swift in Sources */,
			);
			runOnlyForDeploymentPostprocessing = 0;
		};
/* End PBXSourcesBuildPhase section */

/* Begin PBXTargetDependency section */
		CF365B251BB2249600EF9B73 /* PBXTargetDependency */ = {
			isa = PBXTargetDependency;
			target = CF365B0B1BB2249600EF9B73 /* MapView */;
			targetProxy = CF365B241BB2249600EF9B73 /* PBXContainerItemProxy */;
		};
/* End PBXTargetDependency section */

/* Begin PBXVariantGroup section */
		CF365B171BB2249600EF9B73 /* Main.storyboard */ = {
			isa = PBXVariantGroup;
			children = (
				CF365B181BB2249600EF9B73 /* Base */,
			);
			name = Main.storyboard;
			sourceTree = "<group>";
		};
		CF365B1C1BB2249600EF9B73 /* LaunchScreen.xib */ = {
			isa = PBXVariantGroup;
			children = (
				CF365B1D1BB2249600EF9B73 /* Base */,
			);
			name = LaunchScreen.xib;
			sourceTree = "<group>";
		};
/* End PBXVariantGroup section */

/* Begin XCBuildConfiguration section */
		CF365B2B1BB2249600EF9B73 /* Debug */ = {
			isa = XCBuildConfiguration;
			buildSettings = {
				ALWAYS_SEARCH_USER_PATHS = NO;
				CLANG_CXX_LANGUAGE_STANDARD = "gnu++0x";
				CLANG_CXX_LIBRARY = "libc++";
				CLANG_ENABLE_MODULES = YES;
				CLANG_ENABLE_OBJC_ARC = YES;
				CLANG_WARN_BOOL_CONVERSION = YES;
				CLANG_WARN_CONSTANT_CONVERSION = YES;
				CLANG_WARN_DIRECT_OBJC_ISA_USAGE = YES_ERROR;
				CLANG_WARN_EMPTY_BODY = YES;
				CLANG_WARN_ENUM_CONVERSION = YES;
				CLANG_WARN_INT_CONVERSION = YES;
				CLANG_WARN_OBJC_ROOT_CLASS = YES_ERROR;
				CLANG_WARN_UNREACHABLE_CODE = YES;
				CLANG_WARN__DUPLICATE_METHOD_MATCH = YES;
				"CODE_SIGN_IDENTITY[sdk=iphoneos*]" = "iPhone Developer";
				COPY_PHASE_STRIP = NO;
				DEBUG_INFORMATION_FORMAT = "dwarf-with-dsym";
				ENABLE_STRICT_OBJC_MSGSEND = YES;
				GCC_C_LANGUAGE_STANDARD = gnu99;
				GCC_DYNAMIC_NO_PIC = NO;
				GCC_NO_COMMON_BLOCKS = YES;
				GCC_OPTIMIZATION_LEVEL = 0;
				GCC_PREPROCESSOR_DEFINITIONS = (
					"DEBUG=1",
					"$(inherited)",
				);
				GCC_SYMBOLS_PRIVATE_EXTERN = NO;
				GCC_WARN_64_TO_32_BIT_CONVERSION = YES;
				GCC_WARN_ABOUT_RETURN_TYPE = YES_ERROR;
				GCC_WARN_UNDECLARED_SELECTOR = YES;
				GCC_WARN_UNINITIALIZED_AUTOS = YES_AGGRESSIVE;
				GCC_WARN_UNUSED_FUNCTION = YES;
				GCC_WARN_UNUSED_VARIABLE = YES;
				IPHONEOS_DEPLOYMENT_TARGET = 8.4;
				MTL_ENABLE_DEBUG_INFO = YES;
				ONLY_ACTIVE_ARCH = YES;
				SDKROOT = iphoneos;
				SWIFT_OPTIMIZATION_LEVEL = "-Onone";
			};
			name = Debug;
		};
		CF365B2C1BB2249600EF9B73 /* Release */ = {
			isa = XCBuildConfiguration;
			buildSettings = {
				ALWAYS_SEARCH_USER_PATHS = NO;
				CLANG_CXX_LANGUAGE_STANDARD = "gnu++0x";
				CLANG_CXX_LIBRARY = "libc++";
				CLANG_ENABLE_MODULES = YES;
				CLANG_ENABLE_OBJC_ARC = YES;
				CLANG_WARN_BOOL_CONVERSION = YES;
				CLANG_WARN_CONSTANT_CONVERSION = YES;
				CLANG_WARN_DIRECT_OBJC_ISA_USAGE = YES_ERROR;
				CLANG_WARN_EMPTY_BODY = YES;
				CLANG_WARN_ENUM_CONVERSION = YES;
				CLANG_WARN_INT_CONVERSION = YES;
				CLANG_WARN_OBJC_ROOT_CLASS = YES_ERROR;
				CLANG_WARN_UNREACHABLE_CODE = YES;
				CLANG_WARN__DUPLICATE_METHOD_MATCH = YES;
				"CODE_SIGN_IDENTITY[sdk=iphoneos*]" = "iPhone Developer";
				COPY_PHASE_STRIP = NO;
				DEBUG_INFORMATION_FORMAT = "dwarf-with-dsym";
				ENABLE_NS_ASSERTIONS = NO;
				ENABLE_STRICT_OBJC_MSGSEND = YES;
				GCC_C_LANGUAGE_STANDARD = gnu99;
				GCC_NO_COMMON_BLOCKS = YES;
				GCC_WARN_64_TO_32_BIT_CONVERSION = YES;
				GCC_WARN_ABOUT_RETURN_TYPE = YES_ERROR;
				GCC_WARN_UNDECLARED_SELECTOR = YES;
				GCC_WARN_UNINITIALIZED_AUTOS = YES_AGGRESSIVE;
				GCC_WARN_UNUSED_FUNCTION = YES;
				GCC_WARN_UNUSED_VARIABLE = YES;
				IPHONEOS_DEPLOYMENT_TARGET = 8.4;
				MTL_ENABLE_DEBUG_INFO = NO;
				SDKROOT = iphoneos;
				VALIDATE_PRODUCT = YES;
			};
			name = Release;
		};
		CF365B2E1BB2249600EF9B73 /* Debug */ = {
			isa = XCBuildConfiguration;
			buildSettings = {
				ASSETCATALOG_COMPILER_APPICON_NAME = AppIcon;
				INFOPLIST_FILE = MapView/Info.plist;
				LD_RUNPATH_SEARCH_PATHS = "$(inherited) @executable_path/Frameworks";
				PRODUCT_NAME = "$(TARGET_NAME)";
			};
			name = Debug;
		};
		CF365B2F1BB2249600EF9B73 /* Release */ = {
			isa = XCBuildConfiguration;
			buildSettings = {
				ASSETCATALOG_COMPILER_APPICON_NAME = AppIcon;
				INFOPLIST_FILE = MapView/Info.plist;
				LD_RUNPATH_SEARCH_PATHS = "$(inherited) @executable_path/Frameworks";
				PRODUCT_NAME = "$(TARGET_NAME)";
			};
			name = Release;
		};
		CF365B311BB2249600EF9B73 /* Debug */ = {
			isa = XCBuildConfiguration;
			buildSettings = {
				BUNDLE_LOADER = "$(TEST_HOST)";
				FRAMEWORK_SEARCH_PATHS = (
					"$(SDKROOT)/Developer/Library/Frameworks",
					"$(inherited)",
				);
				GCC_PREPROCESSOR_DEFINITIONS = (
					"DEBUG=1",
					"$(inherited)",
				);
				INFOPLIST_FILE = MapViewTests/Info.plist;
				LD_RUNPATH_SEARCH_PATHS = "$(inherited) @executable_path/Frameworks @loader_path/Frameworks";
				PRODUCT_NAME = "$(TARGET_NAME)";
				TEST_HOST = "$(BUILT_PRODUCTS_DIR)/MapView.app/MapView";
			};
			name = Debug;
		};
		CF365B321BB2249600EF9B73 /* Release */ = {
			isa = XCBuildConfiguration;
			buildSettings = {
				BUNDLE_LOADER = "$(TEST_HOST)";
				FRAMEWORK_SEARCH_PATHS = (
					"$(SDKROOT)/Developer/Library/Frameworks",
					"$(inherited)",
				);
				INFOPLIST_FILE = MapViewTests/Info.plist;
				LD_RUNPATH_SEARCH_PATHS = "$(inherited) @executable_path/Frameworks @loader_path/Frameworks";
				PRODUCT_NAME = "$(TARGET_NAME)";
				TEST_HOST = "$(BUILT_PRODUCTS_DIR)/MapView.app/MapView";
			};
			name = Release;
		};
/* End XCBuildConfiguration section */

/* Begin XCConfigurationList section */
		CF365B071BB2249600EF9B73 /* Build configuration list for PBXProject "MapView" */ = {
			isa = XCConfigurationList;
			buildConfigurations = (
				CF365B2B1BB2249600EF9B73 /* Debug */,
				CF365B2C1BB2249600EF9B73 /* Release */,
			);
			defaultConfigurationIsVisible = 0;
			defaultConfigurationName = Release;
		};
		CF365B2D1BB2249600EF9B73 /* Build configuration list for PBXNativeTarget "MapView" */ = {
			isa = XCConfigurationList;
			buildConfigurations = (
				CF365B2E1BB2249600EF9B73 /* Debug */,
				CF365B2F1BB2249600EF9B73 /* Release */,
			);
			defaultConfigurationIsVisible = 0;
			defaultConfigurationName = Release;
		};
		CF365B301BB2249600EF9B73 /* Build configuration list for PBXNativeTarget "MapViewTests" */ = {
			isa = XCConfigurationList;
			buildConfigurations = (
				CF365B311BB2249600EF9B73 /* Debug */,
				CF365B321BB2249600EF9B73 /* Release */,
			);
			defaultConfigurationIsVisible = 0;
			defaultConfigurationName = Release;
		};
/* End XCConfigurationList section */
	};
	rootObject = CF365B041BB2249600EF9B73 /* Project object */;
}
